# THIS IS AN AUTOGENERATED FILE. DO NOT EDIT THIS FILE DIRECTLY.
# yarn lockfile v1


"@cspotcode/source-map-consumer@0.8.0":
  version "0.8.0"
  resolved "https://registry.npmjs.org/@cspotcode/source-map-consumer/-/source-map-consumer-0.8.0.tgz#33bf4b7b39c178821606f669bbc447a6a629786b"
  integrity sha512-41qniHzTU8yAGbCp04ohlmSrZf8bkf/iJsl3V0dRGsQN/5GFfx+LbCSsCpp2gqrqjTVg/K6O8ycoV35JIwAzAg==

"@cspotcode/source-map-support@0.7.0":
  version "0.7.0"
  resolved "https://registry.npmjs.org/@cspotcode/source-map-support/-/source-map-support-0.7.0.tgz#4789840aa859e46d2f3173727ab707c66bf344f5"
  integrity sha512-X4xqRHqN8ACt2aHVe51OxeA2HjbcL4MqFqXkrmQszJ1NOUuUu5u6Vqx/0lZSVNku7velL5FC/s5uEAj1lsBMhA==
  dependencies:
    "@cspotcode/source-map-consumer" "0.8.0"

"@tsconfig/node10@^1.0.7":
  version "1.0.8"
  resolved "https://registry.npmjs.org/@tsconfig/node10/-/node10-1.0.8.tgz#c1e4e80d6f964fbecb3359c43bd48b40f7cadad9"
  integrity sha512-6XFfSQmMgq0CFLY1MslA/CPUfhIL919M1rMsa5lP2P097N2Wd1sSX0tx1u4olM16fLNhtHZpRhedZJphNJqmZg==

"@tsconfig/node12@^1.0.7":
  version "1.0.9"
  resolved "https://registry.npmjs.org/@tsconfig/node12/-/node12-1.0.9.tgz#62c1f6dee2ebd9aead80dc3afa56810e58e1a04c"
  integrity sha512-/yBMcem+fbvhSREH+s14YJi18sp7J9jpuhYByADT2rypfajMZZN4WQ6zBGgBKp53NKmqI36wFYDb3yaMPurITw==

"@tsconfig/node14@^1.0.0":
  version "1.0.1"
  resolved "https://registry.npmjs.org/@tsconfig/node14/-/node14-1.0.1.tgz#95f2d167ffb9b8d2068b0b235302fafd4df711f2"
  integrity sha512-509r2+yARFfHHE7T6Puu2jjkoycftovhXRqW328PDXTVGKihlb1P8Z9mMZH04ebyajfRY7dedfGynlrFHJUQCg==

"@tsconfig/node16@^1.0.2":
  version "1.0.2"
  resolved "https://registry.npmjs.org/@tsconfig/node16/-/node16-1.0.2.tgz#423c77877d0569db20e1fc80885ac4118314010e"
  integrity sha512-eZxlbI8GZscaGS7kkc/trHTT5xgrjH3/1n2JDwusC9iahPKWMRvRjJSAN5mCXviuTGQ/lHnhvv8Q1YTpnfz9gA==

"@types/accepts@*":
  version "1.3.5"
  resolved "https://registry.npm.taobao.org/@types/accepts/download/@types/accepts-1.3.5.tgz?cache=0&sync_timestamp=1567531770551&other_urls=https%3A%2F%2Fregistry.npm.taobao.org%2F%40types%2Faccepts%2Fdownload%2F%40types%2Faccepts-1.3.5.tgz#c34bec115cfc746e04fe5a059df4ce7e7b391575"
  integrity sha1-w0vsEVz8dG4E/loFnfTOfns5FXU=
  dependencies:
    "@types/node" "*"

"@types/body-parser@*":
  version "1.17.1"
  resolved "https://registry.npm.taobao.org/@types/body-parser/download/@types/body-parser-1.17.1.tgz#18fcf61768fb5c30ccc508c21d6fd2e8b3bf7897"
  integrity sha1-GPz2F2j7XDDMxQjCHW/S6LO/eJc=
  dependencies:
    "@types/connect" "*"
    "@types/node" "*"

"@types/connect@*":
  version "3.4.32"
  resolved "https://registry.npm.taobao.org/@types/connect/download/@types/connect-3.4.32.tgz?cache=0&sync_timestamp=1567531896019&other_urls=https%3A%2F%2Fregistry.npm.taobao.org%2F%40types%2Fconnect%2Fdownload%2F%40types%2Fconnect-3.4.32.tgz#aa0e9616b9435ccad02bc52b5b454ffc2c70ba28"
  integrity sha1-qg6WFrlDXMrQK8UrW0VP/Cxwuig=
  dependencies:
    "@types/node" "*"

"@types/cookies@*":
  version "0.7.3"
  resolved "https://registry.npm.taobao.org/@types/cookies/download/@types/cookies-0.7.3.tgz#5a4e2b61b36e19f578851f274be45fa9d802a87e"
  integrity sha1-Wk4rYbNuGfV4hR8nS+RfqdgCqH4=
  dependencies:
    "@types/connect" "*"
    "@types/express" "*"
    "@types/keygrip" "*"
    "@types/node" "*"

"@types/express-serve-static-core@*":
  version "4.16.9"
  resolved "https://registry.npm.taobao.org/@types/express-serve-static-core/download/@types/express-serve-static-core-4.16.9.tgz?cache=0&sync_timestamp=1567532326967&other_urls=https%3A%2F%2Fregistry.npm.taobao.org%2F%40types%2Fexpress-serve-static-core%2Fdownload%2F%40types%2Fexpress-serve-static-core-4.16.9.tgz#69e00643b0819b024bdede95ced3ff239bb54558"
  integrity sha1-aeAGQ7CBmwJL3t6VztP/I5u1RVg=
  dependencies:
    "@types/node" "*"
    "@types/range-parser" "*"

"@types/express@*":
  version "4.17.1"
  resolved "https://registry.npm.taobao.org/@types/express/download/@types/express-4.17.1.tgz#4cf7849ae3b47125a567dfee18bfca4254b88c5c"
  integrity sha1-TPeEmuO0cSWlZ9/uGL/KQlS4jFw=
  dependencies:
    "@types/body-parser" "*"
    "@types/express-serve-static-core" "*"
    "@types/serve-static" "*"

"@types/http-assert@*":
  version "1.5.1"
  resolved "https://registry.npm.taobao.org/@types/http-assert/download/@types/http-assert-1.5.1.tgz?cache=0&sync_timestamp=1567533148192&other_urls=https%3A%2F%2Fregistry.npm.taobao.org%2F%40types%2Fhttp-assert%2Fdownload%2F%40types%2Fhttp-assert-1.5.1.tgz#d775e93630c2469c2f980fc27e3143240335db3b"
  integrity sha1-13XpNjDCRpwvmA/CfjFDJAM12zs=

"@types/keygrip@*":
  version "1.0.1"
  resolved "https://registry.npm.taobao.org/@types/keygrip/download/@types/keygrip-1.0.1.tgz#ff540462d2fb4d0a88441ceaf27d287b01c3d878"
  integrity sha1-/1QEYtL7TQqIRBzq8n0oewHD2Hg=

"@types/koa-compose@*":
  version "3.2.4"
  resolved "https://registry.npm.taobao.org/@types/koa-compose/download/@types/koa-compose-3.2.4.tgz?cache=0&sync_timestamp=1567533290767&other_urls=https%3A%2F%2Fregistry.npm.taobao.org%2F%40types%2Fkoa-compose%2Fdownload%2F%40types%2Fkoa-compose-3.2.4.tgz#76a461634a59c3e13449831708bb9b355fb1548e"
  integrity sha1-dqRhY0pZw+E0SYMXCLubNV+xVI4=
  dependencies:
    "@types/koa" "*"

"@types/koa-router@^7.0.42":
  version "7.0.42"
  resolved "https://registry.npm.taobao.org/@types/koa-router/download/@types/koa-router-7.0.42.tgz?cache=0&sync_timestamp=1567533305711&other_urls=https%3A%2F%2Fregistry.npm.taobao.org%2F%40types%2Fkoa-router%2Fdownload%2F%40types%2Fkoa-router-7.0.42.tgz#0e5c01d4d0a2873d402d432114f08372d7c50eb1"
  integrity sha1-DlwB1NCihz1ALUMhFPCDctfFDrE=
  dependencies:
    "@types/koa" "*"

"@types/koa@*", "@types/koa@^2.0.50":
  version "2.0.50"
  resolved "https://registry.npm.taobao.org/@types/koa/download/@types/koa-2.0.50.tgz#c295cbbd59f4898e7a8794c0f2e42e60da83aab2"
  integrity sha1-wpXLvVn0iY56h5TA8uQuYNqDqrI=
  dependencies:
    "@types/accepts" "*"
    "@types/cookies" "*"
    "@types/http-assert" "*"
    "@types/keygrip" "*"
    "@types/koa-compose" "*"
    "@types/node" "*"

"@types/mime@*":
  version "2.0.1"
  resolved "https://registry.npm.taobao.org/@types/mime/download/@types/mime-2.0.1.tgz?cache=0&other_urls=https%3A%2F%2Fregistry.npm.taobao.org%2F%40types%2Fmime%2Fdownload%2F%40types%2Fmime-2.0.1.tgz#dc488842312a7f075149312905b5e3c0b054c79d"
  integrity sha1-3EiIQjEqfwdRSTEpBbXjwLBUx50=

"@types/node@*":
  version "12.7.8"
  resolved "https://registry.npm.taobao.org/@types/node/download/@types/node-12.7.8.tgz?cache=0&sync_timestamp=1569460895140&other_urls=https%3A%2F%2Fregistry.npm.taobao.org%2F%40types%2Fnode%2Fdownload%2F%40types%2Fnode-12.7.8.tgz#cb1bf6800238898bc2ff6ffa5702c3cadd350708"
  integrity sha1-yxv2gAI4iYvC/2/6VwLDyt01Bwg=

"@types/range-parser@*":
  version "1.2.3"
  resolved "https://registry.npm.taobao.org/@types/range-parser/download/@types/range-parser-1.2.3.tgz#7ee330ba7caafb98090bece86a5ee44115904c2c"
  integrity sha1-fuMwunyq+5gJC+zoal7kQRWQTCw=

"@types/serve-static@*":
  version "1.13.3"
  resolved "https://registry.npm.taobao.org/@types/serve-static/download/@types/serve-static-1.13.3.tgz?cache=0&sync_timestamp=1567534816341&other_urls=https%3A%2F%2Fregistry.npm.taobao.org%2F%40types%2Fserve-static%2Fdownload%2F%40types%2Fserve-static-1.13.3.tgz#eb7e1c41c4468272557e897e9171ded5e2ded9d1"
  integrity sha1-634cQcRGgnJVfol+kXHe1eLe2dE=
  dependencies:
    "@types/express-serve-static-core" "*"
    "@types/mime" "*"

accepts@^1.3.5:
  version "1.3.7"
  resolved "https://registry.npm.taobao.org/accepts/download/accepts-1.3.7.tgz#531bc726517a3b2b41f850021c6cc15eaab507cd"
  integrity sha1-UxvHJlF6OytB+FACHGzBXqq1B80=
  dependencies:
    mime-types "~2.1.24"
    negotiator "0.6.2"

acorn-walk@^8.1.1:
  version "8.2.0"
  resolved "https://registry.npmjs.org/acorn-walk/-/acorn-walk-8.2.0.tgz#741210f2e2426454508853a2f44d0ab83b7f69c1"
  integrity sha512-k+iyHEuPgSw6SbuDpGQM+06HQUa04DZ3o+F6CSzXMvvI5KMvnaEqXe+YVe555R9nn6GPt404fos4wcgpw12SDA==

acorn@^8.4.1:
  version "8.5.0"
  resolved "https://registry.npmjs.org/acorn/-/acorn-8.5.0.tgz#4512ccb99b3698c752591e9bb4472e38ad43cee2"
  integrity sha512-yXbYeFy+jUuYd3/CDcg2NkIYE991XYX/bje7LmjJigUciaeO1JR4XxXgCIV1/Zc/dRuFEyw1L0pbA+qynJkW5Q==

any-promise@^1.1.0:
  version "1.3.0"
  resolved "https://registry.npm.taobao.org/any-promise/download/any-promise-1.3.0.tgz#abc6afeedcea52e809cdc0376aed3ce39635d17f"
  integrity sha1-q8av7tzqUugJzcA3au0845Y10X8=

arg@^4.1.0:
  version "4.1.3"
  resolved "https://registry.npmjs.org/arg/-/arg-4.1.3.tgz#269fc7ad5b8e42cb63c896d5666017261c144089"
  integrity sha512-58S9QDqG0Xx27YwPSt9fJxivjYl432YCwfDMfZ+71RAqUrZef7LrKQZ3LHLOwCS4FLNBplP533Zx895SeOCHvA==

cache-content-type@^1.0.0:
  version "1.0.1"
  resolved "https://registry.npm.taobao.org/cache-content-type/download/cache-content-type-1.0.1.tgz#035cde2b08ee2129f4a8315ea8f00a00dba1453c"
  integrity sha1-A1zeKwjuISn0qDFeqPAKANuhRTw=
  dependencies:
    mime-types "^2.1.18"
    ylru "^1.2.0"

co@^4.6.0:
  version "4.6.0"
  resolved "https://registry.npm.taobao.org/co/download/co-4.6.0.tgz#6ea6bdf3d853ae54ccb8e47bfa0bf3f9031fb184"
  integrity sha1-bqa989hTrlTMuOR7+gvz+QMfsYQ=

content-disposition@~0.5.2:
  version "0.5.3"
  resolved "https://registry.npm.taobao.org/content-disposition/download/content-disposition-0.5.3.tgz#e130caf7e7279087c5616c2007d0485698984fbd"
  integrity sha1-4TDK9+cnkIfFYWwgB9BIVpiYT70=
  dependencies:
    safe-buffer "5.1.2"

content-type@^1.0.4:
  version "1.0.4"
  resolved "https://registry.npm.taobao.org/content-type/download/content-type-1.0.4.tgz#e138cc75e040c727b1966fe5e5f8c9aee256fe3b"
  integrity sha1-4TjMdeBAxyexlm/l5fjJruJW/js=

cookies@~0.7.1:
  version "0.7.3"
  resolved "https://registry.npm.taobao.org/cookies/download/cookies-0.7.3.tgz#7912ce21fbf2e8c2da70cf1c3f351aecf59dadfa"
  integrity sha1-eRLOIfvy6MLacM8cPzUa7PWdrfo=
  dependencies:
    depd "~1.1.2"
    keygrip "~1.0.3"

create-require@^1.1.0:
  version "1.1.1"
  resolved "https://registry.npmjs.org/create-require/-/create-require-1.1.1.tgz#c1d7e8f1e5f6cfc9ff65f9cd352d37348756c333"
  integrity sha512-dcKFX3jn0MpIaXjisoRvexIJVEKzaq7z2rZKxf+MSr9TkdmHmsU4m2lcLojrj/FHl8mk5VxMmYA+ftRkP/3oKQ==

debug@^3.1.0:
  version "3.2.6"
  resolved "https://registry.npm.taobao.org/debug/download/debug-3.2.6.tgz#e83d17de16d8a7efb7717edbe5fb10135eee629b"
  integrity sha1-6D0X3hbYp++3cX7b5fsQE17uYps=
  dependencies:
    ms "^2.1.1"

debug@~3.1.0:
  version "3.1.0"
  resolved "https://registry.npm.taobao.org/debug/download/debug-3.1.0.tgz#5bb5a0672628b64149566ba16819e61518c67261"
  integrity sha1-W7WgZyYotkFJVmuhaBnmFRjGcmE=
  dependencies:
    ms "2.0.0"

deep-equal@~1.0.1:
  version "1.0.1"
  resolved "https://registry.npm.taobao.org/deep-equal/download/deep-equal-1.0.1.tgz#f5d260292b660e084eff4cdbc9f08ad3247448b5"
  integrity sha1-9dJgKStmDghO/0zbyfCK0yR0SLU=

delegates@^1.0.0:
  version "1.0.0"
  resolved "https://registry.npm.taobao.org/delegates/download/delegates-1.0.0.tgz?cache=0&other_urls=https%3A%2F%2Fregistry.npm.taobao.org%2Fdelegates%2Fdownload%2Fdelegates-1.0.0.tgz#84c6e159b81904fdca59a0ef44cd870d31250f9a"
  integrity sha1-hMbhWbgZBP3KWaDvRM2HDTElD5o=

depd@^1.1.2, depd@~1.1.2:
  version "1.1.2"
  resolved "https://registry.npm.taobao.org/depd/download/depd-1.1.2.tgz#9bcd52e14c097763e749b274c4346ed2e560b5a9"
  integrity sha1-m81S4UwJd2PnSbJ0xDRu0uVgtak=

destroy@^1.0.4:
  version "1.0.4"
  resolved "https://registry.npm.taobao.org/destroy/download/destroy-1.0.4.tgz#978857442c44749e4206613e37946205826abd80"
  integrity sha1-l4hXRCxEdJ5CBmE+N5RiBYJqvYA=

diff@^4.0.1:
  version "4.0.2"
  resolved "https://registry.npmjs.org/diff/-/diff-4.0.2.tgz#60f3aecb89d5fae520c11aa19efc2bb982aade7d"
  integrity sha512-58lmxKSA4BNyLz+HHMUzlOEpg09FV+ev6ZMe3vJihgdxzgcwZ8VoEEPmALCZG9LmqfVoNMMKpttIYTVG6uDY7A==

ee-first@1.1.1:
  version "1.1.1"
  resolved "https://registry.npm.taobao.org/ee-first/download/ee-first-1.1.1.tgz#590c61156b0ae2f4f0255732a158b266bc56b21d"
  integrity sha1-WQxhFWsK4vTwJVcyoViyZrxWsh0=

encodeurl@^1.0.2:
  version "1.0.2"
  resolved "https://registry.npm.taobao.org/encodeurl/download/encodeurl-1.0.2.tgz#ad3ff4c86ec2d029322f5a02c3a9a606c95b3f59"
  integrity sha1-rT/0yG7C0CkyL1oCw6mmBslbP1k=

error-inject@^1.0.0:
  version "1.0.0"
  resolved "https://registry.npm.taobao.org/error-inject/download/error-inject-1.0.0.tgz#e2b3d91b54aed672f309d950d154850fa11d4f37"
  integrity sha1-4rPZG1Su1nLzCdlQ0VSFD6EdTzc=

escape-html@^1.0.3:
  version "1.0.3"
  resolved "https://registry.npm.taobao.org/escape-html/download/escape-html-1.0.3.tgz#0258eae4d3d0c0974de1c169188ef0051d1d1988"
  integrity sha1-Aljq5NPQwJdN4cFpGI7wBR0dGYg=

fresh@~0.5.2:
  version "0.5.2"
  resolved "https://registry.npm.taobao.org/fresh/download/fresh-0.5.2.tgz#3d8cadd90d976569fa835ab1f8e4b23a105605a7"
  integrity sha1-PYyt2Q2XZWn6g1qx+OSyOhBWBac=

http-assert@^1.3.0:
  version "1.4.1"
  resolved "https://registry.npm.taobao.org/http-assert/download/http-assert-1.4.1.tgz#c5f725d677aa7e873ef736199b89686cceb37878"
  integrity sha1-xfcl1neqfoc+9zYZm4lobM6zeHg=
  dependencies:
    deep-equal "~1.0.1"
    http-errors "~1.7.2"

http-errors@^1.3.1, http-errors@^1.6.3, http-errors@~1.7.2:
  version "1.7.3"
  resolved "https://registry.npm.taobao.org/http-errors/download/http-errors-1.7.3.tgz#6c619e4f9c60308c38519498c14fbb10aacebb06"
  integrity sha1-bGGeT5xgMIw4UZSYwU+7EKrOuwY=
  dependencies:
    depd "~1.1.2"
    inherits "2.0.4"
    setprototypeof "1.1.1"
    statuses ">= 1.5.0 < 2"
    toidentifier "1.0.0"

inherits@2.0.4:
  version "2.0.4"
  resolved "https://registry.npm.taobao.org/inherits/download/inherits-2.0.4.tgz#0fa2c64f932917c3433a0ded55363aae37416b7c"
  integrity sha1-D6LGT5MpF8NDOg3tVTY6rjdBa3w=

is-generator-function@^1.0.7:
  version "1.0.7"
  resolved "https://registry.npm.taobao.org/is-generator-function/download/is-generator-function-1.0.7.tgz#d2132e529bb0000a7f80794d4bdf5cd5e5813522"
  integrity sha1-0hMuUpuwAAp/gHlNS99c1eWBNSI=

isarray@0.0.1:
  version "0.0.1"
  resolved "https://registry.npm.taobao.org/isarray/download/isarray-0.0.1.tgz#8a18acfca9a8f4177e09abfc6038939b05d1eedf"
  integrity sha1-ihis/Kmo9Bd+Cav8YDiTmwXR7t8=

keygrip@~1.0.3:
  version "1.0.3"
  resolved "https://registry.npm.taobao.org/keygrip/download/keygrip-1.0.3.tgz#399d709f0aed2bab0a059e0cdd3a5023a053e1dc"
  integrity sha1-OZ1wnwrtK6sKBZ4M3TpQI6BT4dw=

koa-compose@^3.0.0:
  version "3.2.1"
  resolved "https://registry.npm.taobao.org/koa-compose/download/koa-compose-3.2.1.tgz#a85ccb40b7d986d8e5a345b3a1ace8eabcf54de7"
  integrity sha1-qFzLQLfZhtjlo0Wzoazo6rz1Tec=
  dependencies:
    any-promise "^1.1.0"

koa-compose@^4.1.0:
  version "4.1.0"
  resolved "https://registry.npm.taobao.org/koa-compose/download/koa-compose-4.1.0.tgz#507306b9371901db41121c812e923d0d67d3e877"
  integrity sha1-UHMGuTcZAdtBEhyBLpI9DWfT6Hc=

koa-convert@^1.2.0:
  version "1.2.0"
  resolved "https://registry.npm.taobao.org/koa-convert/download/koa-convert-1.2.0.tgz#da40875df49de0539098d1700b50820cebcd21d0"
  integrity sha1-2kCHXfSd4FOQmNFwC1CCDOvNIdA=
  dependencies:
    co "^4.6.0"
    koa-compose "^3.0.0"

koa-is-json@^1.0.0:
  version "1.0.0"
  resolved "https://registry.npm.taobao.org/koa-is-json/download/koa-is-json-1.0.0.tgz#273c07edcdcb8df6a2c1ab7d59ee76491451ec14"
  integrity sha1-JzwH7c3Ljfaiwat9We52SRRR7BQ=

koa-router@^7.4.0:
  version "7.4.0"
  resolved "https://registry.npm.taobao.org/koa-router/download/koa-router-7.4.0.tgz#aee1f7adc02d5cb31d7d67465c9eacc825e8c5e0"
  integrity sha1-ruH3rcAtXLMdfWdGXJ6syCXoxeA=
  dependencies:
    debug "^3.1.0"
    http-errors "^1.3.1"
    koa-compose "^3.0.0"
    methods "^1.0.1"
    path-to-regexp "^1.1.1"
    urijs "^1.19.0"

koa@^2.8.2:
  version "2.8.2"
  resolved "https://registry.npm.taobao.org/koa/download/koa-2.8.2.tgz#dfba771a69c1a98e014826804e95132c00af6615"
  integrity sha1-37p3GmnBqY4BSCaATpUTLACvZhU=
  dependencies:
    accepts "^1.3.5"
    cache-content-type "^1.0.0"
    content-disposition "~0.5.2"
    content-type "^1.0.4"
    cookies "~0.7.1"
    debug "~3.1.0"
    delegates "^1.0.0"
    depd "^1.1.2"
    destroy "^1.0.4"
    encodeurl "^1.0.2"
    error-inject "^1.0.0"
    escape-html "^1.0.3"
    fresh "~0.5.2"
    http-assert "^1.3.0"
    http-errors "^1.6.3"
    is-generator-function "^1.0.7"
    koa-compose "^4.1.0"
    koa-convert "^1.2.0"
    koa-is-json "^1.0.0"
    on-finished "^2.3.0"
    only "~0.0.2"
    parseurl "^1.3.2"
    statuses "^1.5.0"
    type-is "^1.6.16"
    vary "^1.1.2"

make-error@^1.1.1:
  version "1.3.6"
  resolved "https://registry.npmjs.org/make-error/-/make-error-1.3.6.tgz#2eb2e37ea9b67c4891f684a1394799af484cf7a2"
  integrity sha512-s8UhlNe7vPKomQhC1qFelMokr/Sc3AgNbso3n74mVPA5LTZwkB9NlXf4XPamLxJE8h0gh73rM94xvwRT2CVInw==

media-typer@0.3.0:
  version "0.3.0"
  resolved "https://registry.npm.taobao.org/media-typer/download/media-typer-0.3.0.tgz#8710d7af0aa626f8fffa1ce00168545263255748"
  integrity sha1-hxDXrwqmJvj/+hzgAWhUUmMlV0g=

methods@^1.0.1:
  version "1.1.2"
  resolved "https://registry.npm.taobao.org/methods/download/methods-1.1.2.tgz#5529a4d67654134edcc5266656835b0f851afcee"
  integrity sha1-VSmk1nZUE07cxSZmVoNbD4Ua/O4=

mime-db@1.40.0:
  version "1.40.0"
  resolved "https://registry.npm.taobao.org/mime-db/download/mime-db-1.40.0.tgz#a65057e998db090f732a68f6c276d387d4126c32"
  integrity sha1-plBX6ZjbCQ9zKmj2wnbTh9QSbDI=

mime-types@^2.1.18, mime-types@~2.1.24:
  version "2.1.24"
  resolved "https://registry.npm.taobao.org/mime-types/download/mime-types-2.1.24.tgz#b6f8d0b3e951efb77dedeca194cff6d16f676f81"
  integrity sha1-tvjQs+lR77d97eyhlM/20W9nb4E=
  dependencies:
    mime-db "1.40.0"

ms@2.0.0:
  version "2.0.0"
  resolved "https://registry.npm.taobao.org/ms/download/ms-2.0.0.tgz#5608aeadfc00be6c2901df5f9861788de0d597c8"
  integrity sha1-VgiurfwAvmwpAd9fmGF4jeDVl8g=

ms@^2.1.1:
  version "2.1.2"
  resolved "https://registry.npm.taobao.org/ms/download/ms-2.1.2.tgz#d09d1f357b443f493382a8eb3ccd183872ae6009"
  integrity sha1-0J0fNXtEP0kzgqjrPM0YOHKuYAk=

negotiator@0.6.2:
  version "0.6.2"
  resolved "https://registry.npm.taobao.org/negotiator/download/negotiator-0.6.2.tgz#feacf7ccf525a77ae9634436a64883ffeca346fb"
  integrity sha1-/qz3zPUlp3rpY0Q2pkiD/+yjRvs=

on-finished@^2.3.0:
  version "2.3.0"
  resolved "https://registry.npm.taobao.org/on-finished/download/on-finished-2.3.0.tgz#20f1336481b083cd75337992a16971aa2d906947"
  integrity sha1-IPEzZIGwg811M3mSoWlxqi2QaUc=
  dependencies:
    ee-first "1.1.1"

only@~0.0.2:
  version "0.0.2"
  resolved "https://registry.npm.taobao.org/only/download/only-0.0.2.tgz#2afde84d03e50b9a8edc444e30610a70295edfb4"
  integrity sha1-Kv3oTQPlC5qO3EROMGEKcCle37Q=

parseurl@^1.3.2:
  version "1.3.3"
  resolved "https://registry.npm.taobao.org/parseurl/download/parseurl-1.3.3.tgz#9da19e7bee8d12dff0513ed5b76957793bc2e8d4"
  integrity sha1-naGee+6NEt/wUT7Vt2lXeTvC6NQ=

path-to-regexp@^1.1.1:
  version "1.7.0"
  resolved "https://registry.npm.taobao.org/path-to-regexp/download/path-to-regexp-1.7.0.tgz?cache=0&other_urls=https%3A%2F%2Fregistry.npm.taobao.org%2Fpath-to-regexp%2Fdownload%2Fpath-to-regexp-1.7.0.tgz#59fde0f435badacba103a84e9d3bc64e96b9937d"
  integrity sha1-Wf3g9DW62suhA6hOnTvGTpa5k30=
  dependencies:
    isarray "0.0.1"

safe-buffer@5.1.2:
  version "5.1.2"
  resolved "https://registry.npm.taobao.org/safe-buffer/download/safe-buffer-5.1.2.tgz#991ec69d296e0313747d59bdfd2b745c35f8828d"
  integrity sha1-mR7GnSluAxN0fVm9/St0XDX4go0=

setprototypeof@1.1.1:
  version "1.1.1"
  resolved "https://registry.npm.taobao.org/setprototypeof/download/setprototypeof-1.1.1.tgz?cache=0&sync_timestamp=1563425484616&other_urls=https%3A%2F%2Fregistry.npm.taobao.org%2Fsetprototypeof%2Fdownload%2Fsetprototypeof-1.1.1.tgz#7e95acb24aa92f5885e0abef5ba131330d4ae683"
  integrity sha1-fpWsskqpL1iF4KvvW6ExMw1K5oM=

"statuses@>= 1.5.0 < 2", statuses@^1.5.0:
  version "1.5.0"
  resolved "https://registry.npm.taobao.org/statuses/download/statuses-1.5.0.tgz#161c7dac177659fd9811f43771fa99381478628c"
  integrity sha1-Fhx9rBd2Wf2YEfQ3cfqZOBR4Yow=

toidentifier@1.0.0:
  version "1.0.0"
  resolved "https://registry.npm.taobao.org/toidentifier/download/toidentifier-1.0.0.tgz#7e1be3470f1e77948bc43d94a3c8f4d7752ba553"
  integrity sha1-fhvjRw8ed5SLxD2Uo8j013UrpVM=

ts-node@^10.4.0:
  version "10.4.0"
  resolved "https://registry.npmjs.org/ts-node/-/ts-node-10.4.0.tgz#680f88945885f4e6cf450e7f0d6223dd404895f7"
  integrity sha512-g0FlPvvCXSIO1JDF6S232P5jPYqBkRL9qly81ZgAOSU7rwI0stphCgd2kLiCrU9DjQCrJMWEqcNSjQL02s6d8A==
  dependencies:
    "@cspotcode/source-map-support" "0.7.0"
    "@tsconfig/node10" "^1.0.7"
    "@tsconfig/node12" "^1.0.7"
    "@tsconfig/node14" "^1.0.0"
    "@tsconfig/node16" "^1.0.2"
    acorn "^8.4.1"
    acorn-walk "^8.1.1"
    arg "^4.1.0"
    create-require "^1.1.0"
    diff "^4.0.1"
    make-error "^1.1.1"
    yn "3.1.1"

type-is@^1.6.16:
  version "1.6.18"
  resolved "https://registry.npm.taobao.org/type-is/download/type-is-1.6.18.tgz#4e552cd05df09467dcbc4ef739de89f2cf37c131"
  integrity sha1-TlUs0F3wlGfcvE73Od6J8s83wTE=
  dependencies:
    media-typer "0.3.0"
    mime-types "~2.1.24"

typescript@^3.6.3:
  version "3.6.3"
  resolved "https://registry.npm.taobao.org/typescript/download/typescript-3.6.3.tgz#fea942fabb20f7e1ca7164ff626f1a9f3f70b4da"
  integrity sha1-/qlC+rsg9+HKcWT/Ym8anz9wtNo=

urijs@^1.19.0:
  version "1.19.9"
  resolved "https://registry.yarnpkg.com/urijs/-/urijs-1.19.9.tgz#3b15844835de3732866d420768c16f24be7d3e65"
  integrity sha512-v0V+v5F3NQFt6TX0GpA2NKyrpythDJI+PHRo66sUIDP/U6cXbm6NqLVcXylQGwiwW5VYNj+OAei3EU0ALj9AWg==

vary@^1.1.2:
  version "1.1.2"
  resolved "https://registry.npm.taobao.org/vary/download/vary-1.1.2.tgz#2299f02c6ded30d4a5961b0b9f74524a18f634fc"
  integrity sha1-IpnwLG3tMNSllhsLn3RSShj2NPw=

ylru@^1.2.0:
  version "1.2.1"
  resolved "https://registry.npm.taobao.org/ylru/download/ylru-1.2.1.tgz#f576b63341547989c1de7ba288760923b27fe84f"
  integrity sha1-9Xa2M0FUeYnB3nuiiHYJI7J/6E8=

yn@3.1.1:
  version "3.1.1"
  resolved "https://registry.npmjs.org/yn/-/yn-3.1.1.tgz#1e87401a09d767c1d5eab26a6e4c185182d2eb50"
  integrity sha512-Ux4ygGWsu2c7isFWe8Yu1YluJmqVhxqK2cLXNQA5AcC3QfbGNpM7fu0Y8b/z16pXLnFxZYvWhd3fhBY9DLmC6Q==
